
Microsoft Visual Studio Solution File, Format Version 12.00
# Visual Studio Version 17
VisualStudioVersion = 17.14.36603.0 d17.14
MinimumVisualStudioVersion = 10.0.40219.1
Project("{FAE04EC0-301F-11D3-BF4B-00C04F79EFBC}") = "WorldAnvilIntegrationLib", "WorldAnvilIntegrationLib.csproj", "{31ADECB3-0B62-437F-9501-F22FB158A6AB}"
EndProject
Project("{FAE04EC0-301F-11D3-BF4B-00C04F79EFBC}") = "WorldAnvilIntegrationLibTests", "..\WorldAnvilIntegrationLibTests\WorldAnvilIntegrationLibTests.csproj", "{DA1D90B1-8821-4E0D-90D3-08B6E8A0DB60}"
EndProject
Global
	GlobalSection(SolutionConfigurationPlatforms) = preSolution
		Debug|Any CPU = Debug|Any CPU
		Release|Any CPU = Release|Any CPU
	EndGlobalSection
	GlobalSection(ProjectConfigurationPlatforms) = postSolution
		{31ADECB3-0B62-437F-9501-F22FB158A6AB}.Debug|Any CPU.ActiveCfg = Debug|Any CPU
		{31ADECB3-0B62-437F-9501-F22FB158A6AB}.Debug|Any CPU.Build.0 = Debug|Any CPU
		{31ADECB3-0B62-437F-9501-F22FB158A6AB}.Release|Any CPU.ActiveCfg = Release|Any CPU
		{31ADECB3-0B62-437F-9501-F22FB158A6AB}.Release|Any CPU.Build.0 = Release|Any CPU
		{DA1D90B1-8821-4E0D-90D3-08B6E8A0DB60}.Debug|Any CPU.ActiveCfg = Debug|Any CPU
		{DA1D90B1-8821-4E0D-90D3-08B6E8A0DB60}.Debug|Any CPU.Build.0 = Debug|Any CPU
		{DA1D90B1-8821-4E0D-90D3-08B6E8A0DB60}.Release|Any CPU.ActiveCfg = Release|Any CPU
		{DA1D90B1-8821-4E0D-90D3-08B6E8A0DB60}.Release|Any CPU.Build.0 = Release|Any CPU
	EndGlobalSection
	GlobalSection(SolutionProperties) = preSolution
		HideSolutionNode = FALSE
	EndGlobalSection
	GlobalSection(ExtensibilityGlobals) = postSolution
		SolutionGuid = {12A1AF3D-1C94-4D5D-B257-1D0DDE1F404C}
	EndGlobalSection
EndGlobal
